// !$*UTF8*$!
{
	archiveVersion = 1;
	classes = {
	};
	objectVersion = 50;
	objects = {

/* Begin PBXBuildFile section */
		224A08B0232B7F7D00FD5E7F /* CurrenciesRepository.swift in Sources */ = {isa = PBXBuildFile; fileRef = 224A08A2232B7F7D00FD5E7F /* CurrenciesRepository.swift */; };
		224A08B1232B7F7D00FD5E7F /* Rate.swift in Sources */ = {isa = PBXBuildFile; fileRef = 224A08A3232B7F7D00FD5E7F /* Rate.swift */; };
		224A08B2232B7F7D00FD5E7F /* CurrencyTable.swift in Sources */ = {isa = PBXBuildFile; fileRef = 224A08A4232B7F7D00FD5E7F /* CurrencyTable.swift */; };
		224A08B3232B7F7D00FD5E7F /* CurrencyCodeToFlagMapper.swift in Sources */ = {isa = PBXBuildFile; fileRef = 224A08A5232B7F7D00FD5E7F /* CurrencyCodeToFlagMapper.swift */; };
		224A08B4232B7F7D00FD5E7F /* Converter.swift in Sources */ = {isa = PBXBuildFile; fileRef = 224A08A6232B7F7D00FD5E7F /* Converter.swift */; };
		224A08B5232B7F7D00FD5E7F /* CurrenciesService.swift in Sources */ = {isa = PBXBuildFile; fileRef = 224A08A7232B7F7D00FD5E7F /* CurrenciesService.swift */; };
		224A08B6232B7F7D00FD5E7F /* ViewController.swift in Sources */ = {isa = PBXBuildFile; fileRef = 224A08A9232B7F7D00FD5E7F /* ViewController.swift */; };
		224A08B7232B7F7D00FD5E7F /* Main.storyboard in Resources */ = {isa = PBXBuildFile; fileRef = 224A08AA232B7F7D00FD5E7F /* Main.storyboard */; };
		224A08B9232B7F7D00FD5E7F /* Timer.swift in Sources */ = {isa = PBXBuildFile; fileRef = 224A08AD232B7F7D00FD5E7F /* Timer.swift */; };
		224A08CA232B7FE400FD5E7F /* table_EUR_base.json in Resources */ = {isa = PBXBuildFile; fileRef = 224A08BC232B7FE400FD5E7F /* table_EUR_base.json */; };
		224A08CB232B7FE400FD5E7F /* URL+Dummy.swift in Sources */ = {isa = PBXBuildFile; fileRef = 224A08BE232B7FE400FD5E7F /* URL+Dummy.swift */; };
		224A08CC232B7FE400FD5E7F /* CurrencyCodeToFlagMapperTests.swift in Sources */ = {isa = PBXBuildFile; fileRef = 224A08C0232B7FE400FD5E7F /* CurrencyCodeToFlagMapperTests.swift */; };
		224A08CD232B7FE400FD5E7F /* CurrenciesRepositoryTests.swift in Sources */ = {isa = PBXBuildFile; fileRef = 224A08C1232B7FE400FD5E7F /* CurrenciesRepositoryTests.swift */; };
		224A08CE232B7FE400FD5E7F /* RateTests.swift in Sources */ = {isa = PBXBuildFile; fileRef = 224A08C2232B7FE400FD5E7F /* RateTests.swift */; };
		224A08CF232B7FE400FD5E7F /* CurrenciesServiceTests.swift in Sources */ = {isa = PBXBuildFile; fileRef = 224A08C3232B7FE400FD5E7F /* CurrenciesServiceTests.swift */; };
		224A08D0232B7FE400FD5E7F /* TimerTests.swift in Sources */ = {isa = PBXBuildFile; fileRef = 224A08C4232B7FE400FD5E7F /* TimerTests.swift */; };
		224A08D1232B7FE400FD5E7F /* ConverterTests.swift in Sources */ = {isa = PBXBuildFile; fileRef = 224A08C5232B7FE400FD5E7F /* ConverterTests.swift */; };
		224A08D2232B7FE400FD5E7F /* CurrencyTable+Fake.swift in Sources */ = {isa = PBXBuildFile; fileRef = 224A08C7232B7FE400FD5E7F /* CurrencyTable+Fake.swift */; };
		224A08D3232B7FE400FD5E7F /* Data+Fake.swift in Sources */ = {isa = PBXBuildFile; fileRef = 224A08C8232B7FE400FD5E7F /* Data+Fake.swift */; };
		224A08D4232B7FE400FD5E7F /* FakeURLProtocol.swift in Sources */ = {isa = PBXBuildFile; fileRef = 224A08C9232B7FE400FD5E7F /* FakeURLProtocol.swift */; };
		224A08DF232BAF5300FD5E7F /* CurrencyCollectionViewCell.swift in Sources */ = {isa = PBXBuildFile; fileRef = 224A08DD232BAF5300FD5E7F /* CurrencyCollectionViewCell.swift */; };
		224A08E0232BAF5300FD5E7F /* CurrencyCollectionViewCell.xib in Resources */ = {isa = PBXBuildFile; fileRef = 224A08DE232BAF5300FD5E7F /* CurrencyCollectionViewCell.xib */; };
		2299259E232A4DE200275E56 /* AppDelegate.swift in Sources */ = {isa = PBXBuildFile; fileRef = 22D6DC03232A3C8900657174 /* AppDelegate.swift */; };
		22D6DC0B232A3C8B00657174 /* Assets.xcassets in Resources */ = {isa = PBXBuildFile; fileRef = 22D6DC0A232A3C8B00657174 /* Assets.xcassets */; };
		22D6DC0E232A3C8B00657174 /* LaunchScreen.storyboard in Resources */ = {isa = PBXBuildFile; fileRef = 22D6DC0C232A3C8B00657174 /* LaunchScreen.storyboard */; };
/* End PBXBuildFile section */

/* Begin PBXContainerItemProxy section */
		22D6DC15232A3C8B00657174 /* PBXContainerItemProxy */ = {
			isa = PBXContainerItemProxy;
			containerPortal = 22D6DBF8232A3C8900657174 /* Project object */;
			proxyType = 1;
			remoteGlobalIDString = 22D6DBFF232A3C8900657174;
			remoteInfo = PaymentApp;
		};
/* End PBXContainerItemProxy section */

/* Begin PBXFileReference section */
		224A08A2232B7F7D00FD5E7F /* CurrenciesRepository.swift */ = {isa = PBXFileReference; fileEncoding = 4; lastKnownFileType = sourcecode.swift; path = CurrenciesRepository.swift; sourceTree = "<group>"; };
		224A08A3232B7F7D00FD5E7F /* Rate.swift */ = {isa = PBXFileReference; fileEncoding = 4; lastKnownFileType = sourcecode.swift; path = Rate.swift; sourceTree = "<group>"; };
		224A08A4232B7F7D00FD5E7F /* CurrencyTable.swift */ = {isa = PBXFileReference; fileEncoding = 4; lastKnownFileType = sourcecode.swift; path = CurrencyTable.swift; sourceTree = "<group>"; };
		224A08A5232B7F7D00FD5E7F /* CurrencyCodeToFlagMapper.swift */ = {isa = PBXFileReference; fileEncoding = 4; lastKnownFileType = sourcecode.swift; path = CurrencyCodeToFlagMapper.swift; sourceTree = "<group>"; };
		224A08A6232B7F7D00FD5E7F /* Converter.swift */ = {isa = PBXFileReference; fileEncoding = 4; lastKnownFileType = sourcecode.swift; path = Converter.swift; sourceTree = "<group>"; };
		224A08A7232B7F7D00FD5E7F /* CurrenciesService.swift */ = {isa = PBXFileReference; fileEncoding = 4; lastKnownFileType = sourcecode.swift; path = CurrenciesService.swift; sourceTree = "<group>"; };
		224A08A9232B7F7D00FD5E7F /* ViewController.swift */ = {isa = PBXFileReference; fileEncoding = 4; lastKnownFileType = sourcecode.swift; path = ViewController.swift; sourceTree = "<group>"; };
		224A08AB232B7F7D00FD5E7F /* Base */ = {isa = PBXFileReference; lastKnownFileType = file.storyboard; name = Base; path = Base.lproj/Main.storyboard; sourceTree = "<group>"; };
		224A08AD232B7F7D00FD5E7F /* Timer.swift */ = {isa = PBXFileReference; fileEncoding = 4; lastKnownFileType = sourcecode.swift; path = Timer.swift; sourceTree = "<group>"; };
		224A08BC232B7FE400FD5E7F /* table_EUR_base.json */ = {isa = PBXFileReference; fileEncoding = 4; lastKnownFileType = text.json; path = table_EUR_base.json; sourceTree = "<group>"; };
		224A08BE232B7FE400FD5E7F /* URL+Dummy.swift */ = {isa = PBXFileReference; fileEncoding = 4; lastKnownFileType = sourcecode.swift; path = "URL+Dummy.swift"; sourceTree = "<group>"; };
		224A08C0232B7FE400FD5E7F /* CurrencyCodeToFlagMapperTests.swift */ = {isa = PBXFileReference; fileEncoding = 4; lastKnownFileType = sourcecode.swift; path = CurrencyCodeToFlagMapperTests.swift; sourceTree = "<group>"; };
		224A08C1232B7FE400FD5E7F /* CurrenciesRepositoryTests.swift */ = {isa = PBXFileReference; fileEncoding = 4; lastKnownFileType = sourcecode.swift; path = CurrenciesRepositoryTests.swift; sourceTree = "<group>"; };
		224A08C2232B7FE400FD5E7F /* RateTests.swift */ = {isa = PBXFileReference; fileEncoding = 4; lastKnownFileType = sourcecode.swift; path = RateTests.swift; sourceTree = "<group>"; };
		224A08C3232B7FE400FD5E7F /* CurrenciesServiceTests.swift */ = {isa = PBXFileReference; fileEncoding = 4; lastKnownFileType = sourcecode.swift; path = CurrenciesServiceTests.swift; sourceTree = "<group>"; };
		224A08C4232B7FE400FD5E7F /* TimerTests.swift */ = {isa = PBXFileReference; fileEncoding = 4; lastKnownFileType = sourcecode.swift; path = TimerTests.swift; sourceTree = "<group>"; };
		224A08C5232B7FE400FD5E7F /* ConverterTests.swift */ = {isa = PBXFileReference; fileEncoding = 4; lastKnownFileType = sourcecode.swift; path = ConverterTests.swift; sourceTree = "<group>"; };
		224A08C7232B7FE400FD5E7F /* CurrencyTable+Fake.swift */ = {isa = PBXFileReference; fileEncoding = 4; lastKnownFileType = sourcecode.swift; path = "CurrencyTable+Fake.swift"; sourceTree = "<group>"; };
		224A08C8232B7FE400FD5E7F /* Data+Fake.swift */ = {isa = PBXFileReference; fileEncoding = 4; lastKnownFileType = sourcecode.swift; path = "Data+Fake.swift"; sourceTree = "<group>"; };
		224A08C9232B7FE400FD5E7F /* FakeURLProtocol.swift */ = {isa = PBXFileReference; fileEncoding = 4; lastKnownFileType = sourcecode.swift; path = FakeURLProtocol.swift; sourceTree = "<group>"; };
		224A08DD232BAF5300FD5E7F /* CurrencyCollectionViewCell.swift */ = {isa = PBXFileReference; lastKnownFileType = sourcecode.swift; path = CurrencyCollectionViewCell.swift; sourceTree = "<group>"; };
		224A08DE232BAF5300FD5E7F /* CurrencyCollectionViewCell.xib */ = {isa = PBXFileReference; lastKnownFileType = file.xib; path = CurrencyCollectionViewCell.xib; sourceTree = "<group>"; };
		22D6DC00232A3C8900657174 /* PaymentApp.app */ = {isa = PBXFileReference; explicitFileType = wrapper.application; includeInIndex = 0; path = PaymentApp.app; sourceTree = BUILT_PRODUCTS_DIR; };
		22D6DC03232A3C8900657174 /* AppDelegate.swift */ = {isa = PBXFileReference; lastKnownFileType = sourcecode.swift; path = AppDelegate.swift; sourceTree = "<group>"; };
		22D6DC0A232A3C8B00657174 /* Assets.xcassets */ = {isa = PBXFileReference; lastKnownFileType = folder.assetcatalog; path = Assets.xcassets; sourceTree = "<group>"; };
		22D6DC0D232A3C8B00657174 /* Base */ = {isa = PBXFileReference; lastKnownFileType = file.storyboard; name = Base; path = Base.lproj/LaunchScreen.storyboard; sourceTree = "<group>"; };
		22D6DC0F232A3C8B00657174 /* Info.plist */ = {isa = PBXFileReference; lastKnownFileType = text.plist.xml; path = Info.plist; sourceTree = "<group>"; };
		22D6DC14232A3C8B00657174 /* PaymentAppTests.xctest */ = {isa = PBXFileReference; explicitFileType = wrapper.cfbundle; includeInIndex = 0; path = PaymentAppTests.xctest; sourceTree = BUILT_PRODUCTS_DIR; };
		22D6DC1A232A3C8B00657174 /* Info.plist */ = {isa = PBXFileReference; lastKnownFileType = text.plist.xml; path = Info.plist; sourceTree = "<group>"; };
/* End PBXFileReference section */

/* Begin PBXFrameworksBuildPhase section */
		22D6DBFD232A3C8900657174 /* Frameworks */ = {
			isa = PBXFrameworksBuildPhase;
			buildActionMask = 2147483647;
			files = (
			);
			runOnlyForDeploymentPostprocessing = 0;
		};
		22D6DC11232A3C8B00657174 /* Frameworks */ = {
			isa = PBXFrameworksBuildPhase;
			buildActionMask = 2147483647;
			files = (
			);
			runOnlyForDeploymentPostprocessing = 0;
		};
/* End PBXFrameworksBuildPhase section */

/* Begin PBXGroup section */
		224A08A1232B7F7D00FD5E7F /* Models */ = {
			isa = PBXGroup;
			children = (
				224A08A2232B7F7D00FD5E7F /* CurrenciesRepository.swift */,
				224A08A3232B7F7D00FD5E7F /* Rate.swift */,
				224A08A4232B7F7D00FD5E7F /* CurrencyTable.swift */,
				224A08A5232B7F7D00FD5E7F /* CurrencyCodeToFlagMapper.swift */,
				224A08A6232B7F7D00FD5E7F /* Converter.swift */,
				224A08A7232B7F7D00FD5E7F /* CurrenciesService.swift */,
			);
			path = Models;
			sourceTree = "<group>";
		};
		224A08A8232B7F7D00FD5E7F /* Views */ = {
			isa = PBXGroup;
			children = (
				224A08A9232B7F7D00FD5E7F /* ViewController.swift */,
				224A08AA232B7F7D00FD5E7F /* Main.storyboard */,
				224A08DD232BAF5300FD5E7F /* CurrencyCollectionViewCell.swift */,
				224A08DE232BAF5300FD5E7F /* CurrencyCollectionViewCell.xib */,
			);
			path = Views;
			sourceTree = "<group>";
		};
		224A08BB232B7FE400FD5E7F /* fixtures */ = {
			isa = PBXGroup;
			children = (
				224A08BC232B7FE400FD5E7F /* table_EUR_base.json */,
			);
			path = fixtures;
			sourceTree = "<group>";
		};
		224A08BD232B7FE400FD5E7F /* dummies */ = {
			isa = PBXGroup;
			children = (
				224A08BE232B7FE400FD5E7F /* URL+Dummy.swift */,
			);
			path = dummies;
			sourceTree = "<group>";
		};
		224A08BF232B7FE400FD5E7F /* tests */ = {
			isa = PBXGroup;
			children = (
				224A08C0232B7FE400FD5E7F /* CurrencyCodeToFlagMapperTests.swift */,
				224A08C1232B7FE400FD5E7F /* CurrenciesRepositoryTests.swift */,
				224A08C2232B7FE400FD5E7F /* RateTests.swift */,
				224A08C3232B7FE400FD5E7F /* CurrenciesServiceTests.swift */,
				224A08C4232B7FE400FD5E7F /* TimerTests.swift */,
				224A08C5232B7FE400FD5E7F /* ConverterTests.swift */,
			);
			path = tests;
			sourceTree = "<group>";
		};
		224A08C6232B7FE400FD5E7F /* fakes */ = {
			isa = PBXGroup;
			children = (
				224A08C7232B7FE400FD5E7F /* CurrencyTable+Fake.swift */,
				224A08C8232B7FE400FD5E7F /* Data+Fake.swift */,
				224A08C9232B7FE400FD5E7F /* FakeURLProtocol.swift */,
			);
			path = fakes;
			sourceTree = "<group>";
		};
		22D6DBF7232A3C8900657174 = {
			isa = PBXGroup;
			children = (
				22D6DC02232A3C8900657174 /* PaymentApp */,
				22D6DC17232A3C8B00657174 /* PaymentAppTests */,
				22D6DC01232A3C8900657174 /* Products */,
			);
			sourceTree = "<group>";
		};
		22D6DC01232A3C8900657174 /* Products */ = {
			isa = PBXGroup;
			children = (
				22D6DC00232A3C8900657174 /* PaymentApp.app */,
				22D6DC14232A3C8B00657174 /* PaymentAppTests.xctest */,
			);
			name = Products;
			sourceTree = "<group>";
		};
		22D6DC02232A3C8900657174 /* PaymentApp */ = {
			isa = PBXGroup;
			children = (
				224A08A8232B7F7D00FD5E7F /* Views */,
				224A08A1232B7F7D00FD5E7F /* Models */,
				224A08AD232B7F7D00FD5E7F /* Timer.swift */,
				22D6DC03232A3C8900657174 /* AppDelegate.swift */,
				22D6DC0A232A3C8B00657174 /* Assets.xcassets */,
				22D6DC0C232A3C8B00657174 /* LaunchScreen.storyboard */,
				22D6DC0F232A3C8B00657174 /* Info.plist */,
			);
			path = PaymentApp;
			sourceTree = "<group>";
		};
		22D6DC17232A3C8B00657174 /* PaymentAppTests */ = {
			isa = PBXGroup;
			children = (
				224A08BD232B7FE400FD5E7F /* dummies */,
				224A08C6232B7FE400FD5E7F /* fakes */,
				224A08BB232B7FE400FD5E7F /* fixtures */,
				224A08BF232B7FE400FD5E7F /* tests */,
				22D6DC1A232A3C8B00657174 /* Info.plist */,
			);
			path = PaymentAppTests;
			sourceTree = "<group>";
		};
/* End PBXGroup section */

/* Begin PBXNativeTarget section */
		22D6DBFF232A3C8900657174 /* PaymentApp */ = {
			isa = PBXNativeTarget;
			buildConfigurationList = 22D6DC1D232A3C8B00657174 /* Build configuration list for PBXNativeTarget "PaymentApp" */;
			buildPhases = (
				22D6DBFC232A3C8900657174 /* Sources */,
				22D6DBFD232A3C8900657174 /* Frameworks */,
				22D6DBFE232A3C8900657174 /* Resources */,
			);
			buildRules = (
			);
			dependencies = (
			);
			name = PaymentApp;
			productName = PaymentApp;
			productReference = 22D6DC00232A3C8900657174 /* PaymentApp.app */;
			productType = "com.apple.product-type.application";
		};
		22D6DC13232A3C8B00657174 /* PaymentAppTests */ = {
			isa = PBXNativeTarget;
			buildConfigurationList = 22D6DC20232A3C8B00657174 /* Build configuration list for PBXNativeTarget "PaymentAppTests" */;
			buildPhases = (
				22D6DC10232A3C8B00657174 /* Sources */,
				22D6DC11232A3C8B00657174 /* Frameworks */,
				22D6DC12232A3C8B00657174 /* Resources */,
			);
			buildRules = (
			);
			dependencies = (
				22D6DC16232A3C8B00657174 /* PBXTargetDependency */,
			);
			name = PaymentAppTests;
			productName = PaymentAppTests;
			productReference = 22D6DC14232A3C8B00657174 /* PaymentAppTests.xctest */;
			productType = "com.apple.product-type.bundle.unit-test";
		};
/* End PBXNativeTarget section */

/* Begin PBXProject section */
		22D6DBF8232A3C8900657174 /* Project object */ = {
			isa = PBXProject;
			attributes = {
				LastSwiftUpdateCheck = 1030;
				LastUpgradeCheck = 1030;
				ORGANIZATIONNAME = msmulski;
				TargetAttributes = {
					22D6DBFF232A3C8900657174 = {
						CreatedOnToolsVersion = 10.3;
					};
					22D6DC13232A3C8B00657174 = {
						CreatedOnToolsVersion = 10.3;
						TestTargetID = 22D6DBFF232A3C8900657174;
					};
				};
			};
			buildConfigurationList = 22D6DBFB232A3C8900657174 /* Build configuration list for PBXProject "PaymentApp" */;
			compatibilityVersion = "Xcode 9.3";
			developmentRegion = en;
			hasScannedForEncodings = 0;
			knownRegions = (
				en,
				Base,
			);
			mainGroup = 22D6DBF7232A3C8900657174;
			productRefGroup = 22D6DC01232A3C8900657174 /* Products */;
			projectDirPath = "";
			projectRoot = "";
			targets = (
				22D6DBFF232A3C8900657174 /* PaymentApp */,
				22D6DC13232A3C8B00657174 /* PaymentAppTests */,
			);
		};
/* End PBXProject section */

/* Begin PBXResourcesBuildPhase section */
		22D6DBFE232A3C8900657174 /* Resources */ = {
			isa = PBXResourcesBuildPhase;
			buildActionMask = 2147483647;
			files = (
				224A08B7232B7F7D00FD5E7F /* Main.storyboard in Resources */,
				224A08E0232BAF5300FD5E7F /* CurrencyCollectionViewCell.xib in Resources */,
				22D6DC0E232A3C8B00657174 /* LaunchScreen.storyboard in Resources */,
				22D6DC0B232A3C8B00657174 /* Assets.xcassets in Resources */,
			);
			runOnlyForDeploymentPostprocessing = 0;
		};
		22D6DC12232A3C8B00657174 /* Resources */ = {
			isa = PBXResourcesBuildPhase;
			buildActionMask = 2147483647;
			files = (
				224A08CA232B7FE400FD5E7F /* table_EUR_base.json in Resources */,
			);
			runOnlyForDeploymentPostprocessing = 0;
		};
/* End PBXResourcesBuildPhase section */

/* Begin PBXSourcesBuildPhase section */
		22D6DBFC232A3C8900657174 /* Sources */ = {
			isa = PBXSourcesBuildPhase;
			buildActionMask = 2147483647;
			files = (
				224A08B3232B7F7D00FD5E7F /* CurrencyCodeToFlagMapper.swift in Sources */,
				224A08B1232B7F7D00FD5E7F /* Rate.swift in Sources */,
				224A08B2232B7F7D00FD5E7F /* CurrencyTable.swift in Sources */,
				224A08B9232B7F7D00FD5E7F /* Timer.swift in Sources */,
				224A08B0232B7F7D00FD5E7F /* CurrenciesRepository.swift in Sources */,
				224A08B4232B7F7D00FD5E7F /* Converter.swift in Sources */,
				224A08DF232BAF5300FD5E7F /* CurrencyCollectionViewCell.swift in Sources */,
				224A08B5232B7F7D00FD5E7F /* CurrenciesService.swift in Sources */,
				224A08B6232B7F7D00FD5E7F /* ViewController.swift in Sources */,
				2299259E232A4DE200275E56 /* AppDelegate.swift in Sources */,
			);
			runOnlyForDeploymentPostprocessing = 0;
		};
		22D6DC10232A3C8B00657174 /* Sources */ = {
			isa = PBXSourcesBuildPhase;
			buildActionMask = 2147483647;
			files = (
				224A08CD232B7FE400FD5E7F /* CurrenciesRepositoryTests.swift in Sources */,
				224A08D0232B7FE400FD5E7F /* TimerTests.swift in Sources */,
				224A08D3232B7FE400FD5E7F /* Data+Fake.swift in Sources */,
				224A08D1232B7FE400FD5E7F /* ConverterTests.swift in Sources */,
				224A08CE232B7FE400FD5E7F /* RateTests.swift in Sources */,
				224A08CB232B7FE400FD5E7F /* URL+Dummy.swift in Sources */,
				224A08CC232B7FE400FD5E7F /* CurrencyCodeToFlagMapperTests.swift in Sources */,
				224A08CF232B7FE400FD5E7F /* CurrenciesServiceTests.swift in Sources */,
				224A08D4232B7FE400FD5E7F /* FakeURLProtocol.swift in Sources */,
				224A08D2232B7FE400FD5E7F /* CurrencyTable+Fake.swift in Sources */,
			);
			runOnlyForDeploymentPostprocessing = 0;
		};
/* End PBXSourcesBuildPhase section */

/* Begin PBXTargetDependency section */
		22D6DC16232A3C8B00657174 /* PBXTargetDependency */ = {
			isa = PBXTargetDependency;
			target = 22D6DBFF232A3C8900657174 /* PaymentApp */;
			targetProxy = 22D6DC15232A3C8B00657174 /* PBXContainerItemProxy */;
		};
/* End PBXTargetDependency section */

/* Begin PBXVariantGroup section */
		224A08AA232B7F7D00FD5E7F /* Main.storyboard */ = {
			isa = PBXVariantGroup;
			children = (
				224A08AB232B7F7D00FD5E7F /* Base */,
			);
			name = Main.storyboard;
			sourceTree = "<group>";
		};
		22D6DC0C232A3C8B00657174 /* LaunchScreen.storyboard */ = {
			isa = PBXVariantGroup;
			children = (
				22D6DC0D232A3C8B00657174 /* Base */,
			);
			name = LaunchScreen.storyboard;
			sourceTree = "<group>";
		};
/* End PBXVariantGroup section */

/* Begin XCBuildConfiguration section */
		22D6DC1B232A3C8B00657174 /* Debug */ = {
			isa = XCBuildConfiguration;
			buildSettings = {
				ALWAYS_SEARCH_USER_PATHS = NO;
				CLANG_ANALYZER_NONNULL = YES;
				CLANG_ANALYZER_NUMBER_OBJECT_CONVERSION = YES_AGGRESSIVE;
				CLANG_CXX_LANGUAGE_STANDARD = "gnu++14";
				CLANG_CXX_LIBRARY = "libc++";
				CLANG_ENABLE_MODULES = YES;
				CLANG_ENABLE_OBJC_ARC = YES;
				CLANG_ENABLE_OBJC_WEAK = YES;
				CLANG_WARN_BLOCK_CAPTURE_AUTORELEASING = YES;
				CLANG_WARN_BOOL_CONVERSION = YES;
				CLANG_WARN_COMMA = YES;
				CLANG_WARN_CONSTANT_CONVERSION = YES;
				CLANG_WARN_DEPRECATED_OBJC_IMPLEMENTATIONS = YES;
				CLANG_WARN_DIRECT_OBJC_ISA_USAGE = YES_ERROR;
				CLANG_WARN_DOCUMENTATION_COMMENTS = YES;
				CLANG_WARN_EMPTY_BODY = YES;
				CLANG_WARN_ENUM_CONVERSION = YES;
				CLANG_WARN_INFINITE_RECURSION = YES;
				CLANG_WARN_INT_CONVERSION = YES;
				CLANG_WARN_NON_LITERAL_NULL_CONVERSION = YES;
				CLANG_WARN_OBJC_IMPLICIT_RETAIN_SELF = YES;
				CLANG_WARN_OBJC_LITERAL_CONVERSION = YES;
				CLANG_WARN_OBJC_ROOT_CLASS = YES_ERROR;
				CLANG_WARN_RANGE_LOOP_ANALYSIS = YES;
				CLANG_WARN_STRICT_PROTOTYPES = YES;
				CLANG_WARN_SUSPICIOUS_MOVE = YES;
				CLANG_WARN_UNGUARDED_AVAILABILITY = YES_AGGRESSIVE;
				CLANG_WARN_UNREACHABLE_CODE = YES;
				CLANG_WARN__DUPLICATE_METHOD_MATCH = YES;
				CODE_SIGN_IDENTITY = "iPhone Developer";
				COPY_PHASE_STRIP = NO;
				DEBUG_INFORMATION_FORMAT = dwarf;
				ENABLE_STRICT_OBJC_MSGSEND = YES;
				ENABLE_TESTABILITY = YES;
				GCC_C_LANGUAGE_STANDARD = gnu11;
				GCC_DYNAMIC_NO_PIC = NO;
				GCC_NO_COMMON_BLOCKS = YES;
				GCC_OPTIMIZATION_LEVEL = 0;
				GCC_PREPROCESSOR_DEFINITIONS = (
					"DEBUG=1",
					"$(inherited)",
				);
				GCC_WARN_64_TO_32_BIT_CONVERSION = YES;
				GCC_WARN_ABOUT_RETURN_TYPE = YES_ERROR;
				GCC_WARN_UNDECLARED_SELECTOR = YES;
				GCC_WARN_UNINITIALIZED_AUTOS = YES_AGGRESSIVE;
				GCC_WARN_UNUSED_FUNCTION = YES;
				GCC_WARN_UNUSED_VARIABLE = YES;
				IPHONEOS_DEPLOYMENT_TARGET = 12.4;
				MTL_ENABLE_DEBUG_INFO = INCLUDE_SOURCE;
				MTL_FAST_MATH = YES;
				ONLY_ACTIVE_ARCH = YES;
				SDKROOT = iphoneos;
				SWIFT_ACTIVE_COMPILATION_CONDITIONS = DEBUG;
				SWIFT_OPTIMIZATION_LEVEL = "-Onone";
			};
			name = Debug;
		};
		22D6DC1C232A3C8B00657174 /* Release */ = {
			isa = XCBuildConfiguration;
			buildSettings = {
				ALWAYS_SEARCH_USER_PATHS = NO;
				CLANG_ANALYZER_NONNULL = YES;
				CLANG_ANALYZER_NUMBER_OBJECT_CONVERSION = YES_AGGRESSIVE;
				CLANG_CXX_LANGUAGE_STANDARD = "gnu++14";
				CLANG_CXX_LIBRARY = "libc++";
				CLANG_ENABLE_MODULES = YES;
				CLANG_ENABLE_OBJC_ARC = YES;
				CLANG_ENABLE_OBJC_WEAK = YES;
				CLANG_WARN_BLOCK_CAPTURE_AUTORELEASING = YES;
				CLANG_WARN_BOOL_CONVERSION = YES;
				CLANG_WARN_COMMA = YES;
				CLANG_WARN_CONSTANT_CONVERSION = YES;
				CLANG_WARN_DEPRECATED_OBJC_IMPLEMENTATIONS = YES;
				CLANG_WARN_DIRECT_OBJC_ISA_USAGE = YES_ERROR;
				CLANG_WARN_DOCUMENTATION_COMMENTS = YES;
				CLANG_WARN_EMPTY_BODY = YES;
				CLANG_WARN_ENUM_CONVERSION = YES;
				CLANG_WARN_INFINITE_RECURSION = YES;
				CLANG_WARN_INT_CONVERSION = YES;
				CLANG_WARN_NON_LITERAL_NULL_CONVERSION = YES;
				CLANG_WARN_OBJC_IMPLICIT_RETAIN_SELF = YES;
				CLANG_WARN_OBJC_LITERAL_CONVERSION = YES;
				CLANG_WARN_OBJC_ROOT_CLASS = YES_ERROR;
				CLANG_WARN_RANGE_LOOP_ANALYSIS = YES;
				CLANG_WARN_STRICT_PROTOTYPES = YES;
				CLANG_WARN_SUSPICIOUS_MOVE = YES;
				CLANG_WARN_UNGUARDED_AVAILABILITY = YES_AGGRESSIVE;
				CLANG_WARN_UNREACHABLE_CODE = YES;
				CLANG_WARN__DUPLICATE_METHOD_MATCH = YES;
				CODE_SIGN_IDENTITY = "iPhone Developer";
				COPY_PHASE_STRIP = NO;
				DEBUG_INFORMATION_FORMAT = "dwarf-with-dsym";
				ENABLE_NS_ASSERTIONS = NO;
				ENABLE_STRICT_OBJC_MSGSEND = YES;
				GCC_C_LANGUAGE_STANDARD = gnu11;
				GCC_NO_COMMON_BLOCKS = YES;
				GCC_WARN_64_TO_32_BIT_CONVERSION = YES;
				GCC_WARN_ABOUT_RETURN_TYPE = YES_ERROR;
				GCC_WARN_UNDECLARED_SELECTOR = YES;
				GCC_WARN_UNINITIALIZED_AUTOS = YES_AGGRESSIVE;
				GCC_WARN_UNUSED_FUNCTION = YES;
				GCC_WARN_UNUSED_VARIABLE = YES;
				IPHONEOS_DEPLOYMENT_TARGET = 12.4;
				MTL_ENABLE_DEBUG_INFO = NO;
				MTL_FAST_MATH = YES;
				SDKROOT = iphoneos;
				SWIFT_COMPILATION_MODE = wholemodule;
				SWIFT_OPTIMIZATION_LEVEL = "-O";
				VALIDATE_PRODUCT = YES;
			};
			name = Release;
		};
		22D6DC1E232A3C8B00657174 /* Debug */ = {
			isa = XCBuildConfiguration;
			buildSettings = {
				ASSETCATALOG_COMPILER_APPICON_NAME = AppIcon;
				CODE_SIGN_STYLE = Automatic;
				INFOPLIST_FILE = PaymentApp/Info.plist;
				LD_RUNPATH_SEARCH_PATHS = (
					"$(inherited)",
					"@executable_path/Frameworks",
				);
				PRODUCT_BUNDLE_IDENTIFIER = com.msmulski.PaymentApp;
				PRODUCT_NAME = "$(TARGET_NAME)";
				SWIFT_VERSION = 5.0;
				TARGETED_DEVICE_FAMILY = "1,2";
			};
			name = Debug;
		};
		22D6DC1F232A3C8B00657174 /* Release */ = {
			isa = XCBuildConfiguration;
			buildSettings = {
				ASSETCATALOG_COMPILER_APPICON_NAME = AppIcon;
				CODE_SIGN_STYLE = Automatic;
				INFOPLIST_FILE = PaymentApp/Info.plist;
				LD_RUNPATH_SEARCH_PATHS = (
					"$(inherited)",
					"@executable_path/Frameworks",
				);
				PRODUCT_BUNDLE_IDENTIFIER = com.msmulski.PaymentApp;
				PRODUCT_NAME = "$(TARGET_NAME)";
				SWIFT_VERSION = 5.0;
				TARGETED_DEVICE_FAMILY = "1,2";
			};
			name = Release;
		};
		22D6DC21232A3C8B00657174 /* Debug */ = {
			isa = XCBuildConfiguration;
			buildSettings = {
				ALWAYS_EMBED_SWIFT_STANDARD_LIBRARIES = YES;
				BUNDLE_LOADER = "$(TEST_HOST)";
				CODE_SIGN_STYLE = Automatic;
				INFOPLIST_FILE = PaymentAppTests/Info.plist;
				LD_RUNPATH_SEARCH_PATHS = (
					"$(inherited)",
					"@executable_path/Frameworks",
					"@loader_path/Frameworks",
				);
				PRODUCT_BUNDLE_IDENTIFIER = com.msmulski.PaymentAppTests;
				PRODUCT_NAME = "$(TARGET_NAME)";
				SWIFT_VERSION = 5.0;
				TARGETED_DEVICE_FAMILY = "1,2";
				TEST_HOST = "$(BUILT_PRODUCTS_DIR)/PaymentApp.app/PaymentApp";
			};
			name = Debug;
		};
		22D6DC22232A3C8B00657174 /* Release */ = {
			isa = XCBuildConfiguration;
			buildSettings = {
				ALWAYS_EMBED_SWIFT_STANDARD_LIBRARIES = YES;
				BUNDLE_LOADER = "$(TEST_HOST)";
				CODE_SIGN_STYLE = Automatic;
				INFOPLIST_FILE = PaymentAppTests/Info.plist;
				LD_RUNPATH_SEARCH_PATHS = (
					"$(inherited)",
					"@executable_path/Frameworks",
					"@loader_path/Frameworks",
				);
				PRODUCT_BUNDLE_IDENTIFIER = com.msmulski.PaymentAppTests;
				PRODUCT_NAME = "$(TARGET_NAME)";
				SWIFT_VERSION = 5.0;
				TARGETED_DEVICE_FAMILY = "1,2";
				TEST_HOST = "$(BUILT_PRODUCTS_DIR)/PaymentApp.app/PaymentApp";
			};
			name = Release;
		};
/* End XCBuildConfiguration section */

/* Begin XCConfigurationList section */
		22D6DBFB232A3C8900657174 /* Build configuration list for PBXProject "PaymentApp" */ = {
			isa = XCConfigurationList;
			buildConfigurations = (
				22D6DC1B232A3C8B00657174 /* Debug */,
				22D6DC1C232A3C8B00657174 /* Release */,
			);
			defaultConfigurationIsVisible = 0;
			defaultConfigurationName = Release;
		};
		22D6DC1D232A3C8B00657174 /* Build configuration list for PBXNativeTarget "PaymentApp" */ = {
			isa = XCConfigurationList;
			buildConfigurations = (
				22D6DC1E232A3C8B00657174 /* Debug */,
				22D6DC1F232A3C8B00657174 /* Release */,
			);
			defaultConfigurationIsVisible = 0;
			defaultConfigurationName = Release;
		};
		22D6DC20232A3C8B00657174 /* Build configuration list for PBXNativeTarget "PaymentAppTests" */ = {
			isa = XCConfigurationList;
			buildConfigurations = (
				22D6DC21232A3C8B00657174 /* Debug */,
				22D6DC22232A3C8B00657174 /* Release */,
			);
			defaultConfigurationIsVisible = 0;
			defaultConfigurationName = Release;
		};
/* End XCConfigurationList section */
	};
	rootObject = 22D6DBF8232A3C8900657174 /* Project object */;
}
